
Microsoft Visual Studio Solution File, Format Version 12.00
# Visual Studio Version 16
VisualStudioVersion = 16.0.808.3
MinimumVisualStudioVersion = 10.0.40219.1
Project("{FAE04EC0-301F-11D3-BF4B-00C04F79EFBC}") = "todoappapi", "todoappapi\todoappapi.csproj", "{11A29280-F827-4C05-985F-E77B9B28ED8D}"
EndProject
Global
	GlobalSection(SolutionConfigurationPlatforms) = preSolution
		Debug|Any CPU = Debug|Any CPU
		Release|Any CPU = Release|Any CPU
	EndGlobalSection
	GlobalSection(ProjectConfigurationPlatforms) = postSolution
		{11A29280-F827-4C05-985F-E77B9B28ED8D}.Debug|Any CPU.ActiveCfg = Debug|Any CPU
		{11A29280-F827-4C05-985F-E77B9B28ED8D}.Debug|Any CPU.Build.0 = Debug|Any CPU
		{11A29280-F827-4C05-985F-E77B9B28ED8D}.Release|Any CPU.ActiveCfg = Release|Any CPU
		{11A29280-F827-4C05-985F-E77B9B28ED8D}.Release|Any CPU.Build.0 = Release|Any CPU
	EndGlobalSection
	GlobalSection(SolutionProperties) = preSolution
		HideSolutionNode = FALSE
	EndGlobalSection
	GlobalSection(ExtensibilityGlobals) = postSolution
		SolutionGuid = {6EFFEC73-6902-40C3-84A7-B40D7E39A874}
	EndGlobalSection
EndGlobal
